
Microsoft Visual Studio Solution File, Format Version 12.00
# Visual Studio Version 17
VisualStudioVersion = 17.4.33122.133
MinimumVisualStudioVersion = 10.0.40219.1
Project("{FAE04EC0-301F-11D3-BF4B-00C04F79EFBC}") = "WebApplication", "WebApplication\WebApplication.csproj", "{42FB4A09-8B97-4E26-AD9E-11E0D4398F58}"
EndProject
Project("{FAE04EC0-301F-11D3-BF4B-00C04F79EFBC}") = "WebClient", "WebClient\WebClient.csproj", "{D59101F8-9770-4392-B753-9E524E0A5643}"
EndProject
Global
	GlobalSection(SolutionConfigurationPlatforms) = preSolution
		Debug|Any CPU = Debug|Any CPU
		Release|Any CPU = Release|Any CPU
	EndGlobalSection
	GlobalSection(ProjectConfigurationPlatforms) = postSolution
		{42FB4A09-8B97-4E26-AD9E-11E0D4398F58}.Debug|Any CPU.ActiveCfg = Debug|Any CPU
		{42FB4A09-8B97-4E26-AD9E-11E0D4398F58}.Debug|Any CPU.Build.0 = Debug|Any CPU
		{42FB4A09-8B97-4E26-AD9E-11E0D4398F58}.Release|Any CPU.ActiveCfg = Release|Any CPU
		{42FB4A09-8B97-4E26-AD9E-11E0D4398F58}.Release|Any CPU.Build.0 = Release|Any CPU
		{D59101F8-9770-4392-B753-9E524E0A5643}.Debug|Any CPU.ActiveCfg = Debug|Any CPU
		{D59101F8-9770-4392-B753-9E524E0A5643}.Debug|Any CPU.Build.0 = Debug|Any CPU
		{D59101F8-9770-4392-B753-9E524E0A5643}.Release|Any CPU.ActiveCfg = Release|Any CPU
		{D59101F8-9770-4392-B753-9E524E0A5643}.Release|Any CPU.Build.0 = Release|Any CPU
	EndGlobalSection
	GlobalSection(SolutionProperties) = preSolution
		HideSolutionNode = FALSE
	EndGlobalSection
	GlobalSection(ExtensibilityGlobals) = postSolution
		SolutionGuid = {53EA267D-E6A5-4AC3-87A7-00926E19755B}
	EndGlobalSection
EndGlobal
